
Microsoft Visual Studio Solution File, Format Version 12.00
# Visual Studio Version 17
VisualStudioVersion = 17.10.35122.118
MinimumVisualStudioVersion = 10.0.40219.1
Project("{FAE04EC0-301F-11D3-BF4B-00C04F79EFBC}") = "Laba 6", "Laba 6\Laba 6.csproj", "{F6637140-9878-409B-9B85-41C54111AE5C}"
EndProject
Global
	GlobalSection(SolutionConfigurationPlatforms) = preSolution
		Debug|Any CPU = Debug|Any CPU
		Release|Any CPU = Release|Any CPU
	EndGlobalSection
	GlobalSection(ProjectConfigurationPlatforms) = postSolution
		{F6637140-9878-409B-9B85-41C54111AE5C}.Debug|Any CPU.ActiveCfg = Debug|Any CPU
		{F6637140-9878-409B-9B85-41C54111AE5C}.Debug|Any CPU.Build.0 = Debug|Any CPU
		{F6637140-9878-409B-9B85-41C54111AE5C}.Release|Any CPU.ActiveCfg = Release|Any CPU
		{F6637140-9878-409B-9B85-41C54111AE5C}.Release|Any CPU.Build.0 = Release|Any CPU
	EndGlobalSection
	GlobalSection(SolutionProperties) = preSolution
		HideSolutionNode = FALSE
	EndGlobalSection
	GlobalSection(ExtensibilityGlobals) = postSolution
		SolutionGuid = {5F5D5255-41BD-483E-9A99-A18ED931D244}
	EndGlobalSection
EndGlobal
